
Microsoft Visual Studio Solution File, Format Version 12.00
# Visual Studio Version 17
VisualStudioVersion = 17.5.33627.172
MinimumVisualStudioVersion = 10.0.40219.1
Project("{FAE04EC0-301F-11D3-BF4B-00C04F79EFBC}") = "event_test", "event_test.csproj", "{C641C52E-3ED2-470A-BB07-0F441C157115}"
EndProject
Global
	GlobalSection(SolutionConfigurationPlatforms) = preSolution
		Debug|Any CPU = Debug|Any CPU
		Release|Any CPU = Release|Any CPU
	EndGlobalSection
	GlobalSection(ProjectConfigurationPlatforms) = postSolution
		{C641C52E-3ED2-470A-BB07-0F441C157115}.Debug|Any CPU.ActiveCfg = Debug|Any CPU
		{C641C52E-3ED2-470A-BB07-0F441C157115}.Debug|Any CPU.Build.0 = Debug|Any CPU
		{C641C52E-3ED2-470A-BB07-0F441C157115}.Release|Any CPU.ActiveCfg = Release|Any CPU
		{C641C52E-3ED2-470A-BB07-0F441C157115}.Release|Any CPU.Build.0 = Release|Any CPU
	EndGlobalSection
	GlobalSection(SolutionProperties) = preSolution
		HideSolutionNode = FALSE
	EndGlobalSection
	GlobalSection(ExtensibilityGlobals) = postSolution
		SolutionGuid = {6E6B6C47-3512-4C8C-8AC7-63291BD55EDC}
	EndGlobalSection
EndGlobal
